
Microsoft Visual Studio Solution File, Format Version 12.00
# Visual Studio 15
VisualStudioVersion = 15.0.27703.2026
MinimumVisualStudioVersion = 10.0.40219.1
Project("{FAE04EC0-301F-11D3-BF4B-00C04F79EFBC}") = "D3DCaptureApp", "D3DCaptureApp\D3DCaptureApp.csproj", "{642AEA8B-B298-40C8-93BE-97DB4F2B2877}"
EndProject
Global
	GlobalSection(SolutionConfigurationPlatforms) = preSolution
		Debug|Any CPU = Debug|Any CPU
		Release|Any CPU = Release|Any CPU
	EndGlobalSection
	GlobalSection(ProjectConfigurationPlatforms) = postSolution
		{642AEA8B-B298-40C8-93BE-97DB4F2B2877}.Debug|Any CPU.ActiveCfg = Debug|Any CPU
		{642AEA8B-B298-40C8-93BE-97DB4F2B2877}.Debug|Any CPU.Build.0 = Debug|Any CPU
		{642AEA8B-B298-40C8-93BE-97DB4F2B2877}.Release|Any CPU.ActiveCfg = Release|Any CPU
		{642AEA8B-B298-40C8-93BE-97DB4F2B2877}.Release|Any CPU.Build.0 = Release|Any CPU
	EndGlobalSection
	GlobalSection(SolutionProperties) = preSolution
		HideSolutionNode = FALSE
	EndGlobalSection
	GlobalSection(ExtensibilityGlobals) = postSolution
		SolutionGuid = {8FD1F3AC-A20E-4B00-B21A-15E52BBF4AC1}
	EndGlobalSection
EndGlobal
